// !$*UTF8*$!
{
	archiveVersion = 1;
	classes = {
	};
	objectVersion = 46;
	objects = {

/* Begin PBXBuildFile section */
		655022F516DDD7EC00446CF4 /* Cocoa.framework in Frameworks */ = {isa = PBXBuildFile; fileRef = 655022F416DDD7EC00446CF4 /* Cocoa.framework */; };
		655022FF16DDD7EC00446CF4 /* InfoPlist.strings in Resources */ = {isa = PBXBuildFile; fileRef = 655022FD16DDD7EC00446CF4 /* InfoPlist.strings */; };
		6550230116DDD7EC00446CF4 /* main.m in Sources */ = {isa = PBXBuildFile; fileRef = 6550230016DDD7EC00446CF4 /* main.m */; };
		6550230516DDD7EC00446CF4 /* Credits.rtf in Resources */ = {isa = PBXBuildFile; fileRef = 6550230316DDD7EC00446CF4 /* Credits.rtf */; };
		6550230816DDD7EC00446CF4 /* AppDelegate.m in Sources */ = {isa = PBXBuildFile; fileRef = 6550230716DDD7EC00446CF4 /* AppDelegate.m */; };
		6550230B16DDD7ED00446CF4 /* MainMenu.xib in Resources */ = {isa = PBXBuildFile; fileRef = 6550230916DDD7ED00446CF4 /* MainMenu.xib */; };
/* End PBXBuildFile section */

/* Begin PBXFileReference section */
		655022F116DDD7EC00446CF4 /* Muni Bar.app */ = {isa = PBXFileReference; explicitFileType = wrapper.application; includeInIndex = 0; path = "Muni Bar.app"; sourceTree = BUILT_PRODUCTS_DIR; };
		655022F416DDD7EC00446CF4 /* Cocoa.framework */ = {isa = PBXFileReference; lastKnownFileType = wrapper.framework; name = Cocoa.framework; path = System/Library/Frameworks/Cocoa.framework; sourceTree = SDKROOT; };
		655022F716DDD7EC00446CF4 /* AppKit.framework */ = {isa = PBXFileReference; lastKnownFileType = wrapper.framework; name = AppKit.framework; path = System/Library/Frameworks/AppKit.framework; sourceTree = SDKROOT; };
		655022F816DDD7EC00446CF4 /* CoreData.framework */ = {isa = PBXFileReference; lastKnownFileType = wrapper.framework; name = CoreData.framework; path = System/Library/Frameworks/CoreData.framework; sourceTree = SDKROOT; };
		655022F916DDD7EC00446CF4 /* Foundation.framework */ = {isa = PBXFileReference; lastKnownFileType = wrapper.framework; name = Foundation.framework; path = System/Library/Frameworks/Foundation.framework; sourceTree = SDKROOT; };
		655022FC16DDD7EC00446CF4 /* Muni Bar-Info.plist */ = {isa = PBXFileReference; lastKnownFileType = text.plist.xml; path = "Muni Bar-Info.plist"; sourceTree = "<group>"; };
		655022FE16DDD7EC00446CF4 /* en */ = {isa = PBXFileReference; lastKnownFileType = text.plist.strings; name = en; path = en.lproj/InfoPlist.strings; sourceTree = "<group>"; };
		6550230016DDD7EC00446CF4 /* main.m */ = {isa = PBXFileReference; lastKnownFileType = sourcecode.c.objc; path = main.m; sourceTree = "<group>"; };
		6550230216DDD7EC00446CF4 /* Muni Bar-Prefix.pch */ = {isa = PBXFileReference; lastKnownFileType = sourcecode.c.h; path = "Muni Bar-Prefix.pch"; sourceTree = "<group>"; };
		6550230416DDD7EC00446CF4 /* en */ = {isa = PBXFileReference; lastKnownFileType = text.rtf; name = en; path = en.lproj/Credits.rtf; sourceTree = "<group>"; };
		6550230616DDD7EC00446CF4 /* AppDelegate.h */ = {isa = PBXFileReference; lastKnownFileType = sourcecode.c.h; path = AppDelegate.h; sourceTree = "<group>"; };
		6550230716DDD7EC00446CF4 /* AppDelegate.m */ = {isa = PBXFileReference; lastKnownFileType = sourcecode.c.objc; path = AppDelegate.m; sourceTree = "<group>"; };
		6550230A16DDD7ED00446CF4 /* en */ = {isa = PBXFileReference; lastKnownFileType = file.xib; name = en; path = en.lproj/MainMenu.xib; sourceTree = "<group>"; };
/* End PBXFileReference section */

/* Begin PBXFrameworksBuildPhase section */
		655022EE16DDD7EC00446CF4 /* Frameworks */ = {
			isa = PBXFrameworksBuildPhase;
			buildActionMask = 2147483647;
			files = (
				655022F516DDD7EC00446CF4 /* Cocoa.framework in Frameworks */,
			);
			runOnlyForDeploymentPostprocessing = 0;
		};
/* End PBXFrameworksBuildPhase section */

/* Begin PBXGroup section */
		655022E816DDD7EC00446CF4 = {
			isa = PBXGroup;
			children = (
				655022FA16DDD7EC00446CF4 /* Muni Bar */,
				655022F316DDD7EC00446CF4 /* Frameworks */,
				655022F216DDD7EC00446CF4 /* Products */,
			);
			sourceTree = "<group>";
		};
		655022F216DDD7EC00446CF4 /* Products */ = {
			isa = PBXGroup;
			children = (
				655022F116DDD7EC00446CF4 /* Muni Bar.app */,
			);
			name = Products;
			sourceTree = "<group>";
		};
		655022F316DDD7EC00446CF4 /* Frameworks */ = {
			isa = PBXGroup;
			children = (
				655022F416DDD7EC00446CF4 /* Cocoa.framework */,
				655022F616DDD7EC00446CF4 /* Other Frameworks */,
			);
			name = Frameworks;
			sourceTree = "<group>";
		};
		655022F616DDD7EC00446CF4 /* Other Frameworks */ = {
			isa = PBXGroup;
			children = (
				655022F716DDD7EC00446CF4 /* AppKit.framework */,
				655022F816DDD7EC00446CF4 /* CoreData.framework */,
				655022F916DDD7EC00446CF4 /* Foundation.framework */,
			);
			name = "Other Frameworks";
			sourceTree = "<group>";
		};
		655022FA16DDD7EC00446CF4 /* Muni Bar */ = {
			isa = PBXGroup;
			children = (
				6550230616DDD7EC00446CF4 /* AppDelegate.h */,
				6550230716DDD7EC00446CF4 /* AppDelegate.m */,
				6550230916DDD7ED00446CF4 /* MainMenu.xib */,
				655022FB16DDD7EC00446CF4 /* Supporting Files */,
			);
			path = "Muni Bar";
			sourceTree = "<group>";
		};
		655022FB16DDD7EC00446CF4 /* Supporting Files */ = {
			isa = PBXGroup;
			children = (
				655022FC16DDD7EC00446CF4 /* Muni Bar-Info.plist */,
				655022FD16DDD7EC00446CF4 /* InfoPlist.strings */,
				6550230016DDD7EC00446CF4 /* main.m */,
				6550230216DDD7EC00446CF4 /* Muni Bar-Prefix.pch */,
				6550230316DDD7EC00446CF4 /* Credits.rtf */,
			);
			name = "Supporting Files";
			sourceTree = "<group>";
		};
/* End PBXGroup section */

/* Begin PBXNativeTarget section */
		655022F016DDD7EC00446CF4 /* Muni Bar */ = {
			isa = PBXNativeTarget;
			buildConfigurationList = 6550230E16DDD7ED00446CF4 /* Build configuration list for PBXNativeTarget "Muni Bar" */;
			buildPhases = (
				655022ED16DDD7EC00446CF4 /* Sources */,
				655022EE16DDD7EC00446CF4 /* Frameworks */,
				655022EF16DDD7EC00446CF4 /* Resources */,
			);
			buildRules = (
			);
			dependencies = (
			);
			name = "Muni Bar";
			productName = "Muni Bar";
			productReference = 655022F116DDD7EC00446CF4 /* Muni Bar.app */;
			productType = "com.apple.product-type.application";
		};
/* End PBXNativeTarget section */

/* Begin PBXProject section */
		655022E916DDD7EC00446CF4 /* Project object */ = {
			isa = PBXProject;
			attributes = {
				LastUpgradeCheck = 0460;
				ORGANIZATIONNAME = Simpleform;
			};
			buildConfigurationList = 655022EC16DDD7EC00446CF4 /* Build configuration list for PBXProject "Muni Bar" */;
			compatibilityVersion = "Xcode 3.2";
			developmentRegion = English;
			hasScannedForEncodings = 0;
			knownRegions = (
				en,
			);
			mainGroup = 655022E816DDD7EC00446CF4;
			productRefGroup = 655022F216DDD7EC00446CF4 /* Products */;
			projectDirPath = "";
			projectRoot = "";
			targets = (
				655022F016DDD7EC00446CF4 /* Muni Bar */,
			);
		};
/* End PBXProject section */

/* Begin PBXResourcesBuildPhase section */
		655022EF16DDD7EC00446CF4 /* Resources */ = {
			isa = PBXResourcesBuildPhase;
			buildActionMask = 2147483647;
			files = (
				655022FF16DDD7EC00446CF4 /* InfoPlist.strings in Resources */,
				6550230516DDD7EC00446CF4 /* Credits.rtf in Resources */,
				6550230B16DDD7ED00446CF4 /* MainMenu.xib in Resources */,
			);
			runOnlyForDeploymentPostprocessing = 0;
		};
/* End PBXResourcesBuildPhase section */

/* Begin PBXSourcesBuildPhase section */
		655022ED16DDD7EC00446CF4 /* Sources */ = {
			isa = PBXSourcesBuildPhase;
			buildActionMask = 2147483647;
			files = (
				6550230116DDD7EC00446CF4 /* main.m in Sources */,
				6550230816DDD7EC00446CF4 /* AppDelegate.m in Sources */,
			);
			runOnlyForDeploymentPostprocessing = 0;
		};
/* End PBXSourcesBuildPhase section */

/* Begin PBXVariantGroup section */
		655022FD16DDD7EC00446CF4 /* InfoPlist.strings */ = {
			isa = PBXVariantGroup;
			children = (
				655022FE16DDD7EC00446CF4 /* en */,
			);
			name = InfoPlist.strings;
			sourceTree = "<group>";
		};
		6550230316DDD7EC00446CF4 /* Credits.rtf */ = {
			isa = PBXVariantGroup;
			children = (
				6550230416DDD7EC00446CF4 /* en */,
			);
			name = Credits.rtf;
			sourceTree = "<group>";
		};
		6550230916DDD7ED00446CF4 /* MainMenu.xib */ = {
			isa = PBXVariantGroup;
			children = (
				6550230A16DDD7ED00446CF4 /* en */,
			);
			name = MainMenu.xib;
			sourceTree = "<group>";
		};
/* End PBXVariantGroup section */

/* Begin XCBuildConfiguration section */
		6550230C16DDD7ED00446CF4 /* Debug */ = {
			isa = XCBuildConfiguration;
			buildSettings = {
				ALWAYS_SEARCH_USER_PATHS = NO;
				ARCHS = "$(ARCHS_STANDARD_64_BIT)";
				CLANG_CXX_LANGUAGE_STANDARD = "gnu++0x";
				CLANG_CXX_LIBRARY = "libc++";
				CLANG_ENABLE_OBJC_ARC = YES;
				CLANG_WARN_CONSTANT_CONVERSION = YES;
				CLANG_WARN_EMPTY_BODY = YES;
				CLANG_WARN_ENUM_CONVERSION = YES;
				CLANG_WARN_INT_CONVERSION = YES;
				CLANG_WARN__DUPLICATE_METHOD_MATCH = YES;
				COPY_PHASE_STRIP = NO;
				GCC_C_LANGUAGE_STANDARD = gnu99;
				GCC_DYNAMIC_NO_PIC = NO;
				GCC_ENABLE_OBJC_EXCEPTIONS = YES;
				GCC_OPTIMIZATION_LEVEL = 0;
				GCC_PREPROCESSOR_DEFINITIONS = (
					"DEBUG=1",
					"$(inherited)",
				);
				GCC_SYMBOLS_PRIVATE_EXTERN = NO;
				GCC_WARN_64_TO_32_BIT_CONVERSION = YES;
				GCC_WARN_ABOUT_RETURN_TYPE = YES;
				GCC_WARN_UNINITIALIZED_AUTOS = YES;
				GCC_WARN_UNUSED_VARIABLE = YES;
				MACOSX_DEPLOYMENT_TARGET = 10.8;
				ONLY_ACTIVE_ARCH = YES;
				SDKROOT = macosx;
			};
			name = Debug;
		};
		6550230D16DDD7ED00446CF4 /* Release */ = {
			isa = XCBuildConfiguration;
			buildSettings = {
				ALWAYS_SEARCH_USER_PATHS = NO;
				ARCHS = "$(ARCHS_STANDARD_64_BIT)";
				CLANG_CXX_LANGUAGE_STANDARD = "gnu++0x";
				CLANG_CXX_LIBRARY = "libc++";
				CLANG_ENABLE_OBJC_ARC = YES;
				CLANG_WARN_CONSTANT_CONVERSION = YES;
				CLANG_WARN_EMPTY_BODY = YES;
				CLANG_WARN_ENUM_CONVERSION = YES;
				CLANG_WARN_INT_CONVERSION = YES;
				CLANG_WARN__DUPLICATE_METHOD_MATCH = YES;
				COPY_PHASE_STRIP = YES;
				DEBUG_INFORMATION_FORMAT = "dwarf-with-dsym";
				GCC_C_LANGUAGE_STANDARD = gnu99;
				GCC_ENABLE_OBJC_EXCEPTIONS = YES;
				GCC_WARN_64_TO_32_BIT_CONVERSION = YES;
				GCC_WARN_ABOUT_RETURN_TYPE = YES;
				GCC_WARN_UNINITIALIZED_AUTOS = YES;
				GCC_WARN_UNUSED_VARIABLE = YES;
				MACOSX_DEPLOYMENT_TARGET = 10.8;
				SDKROOT = macosx;
			};
			name = Release;
		};
		6550230F16DDD7ED00446CF4 /* Debug */ = {
			isa = XCBuildConfiguration;
			buildSettings = {
				COMBINE_HIDPI_IMAGES = YES;
				GCC_PRECOMPILE_PREFIX_HEADER = YES;
				GCC_PREFIX_HEADER = "Muni Bar/Muni Bar-Prefix.pch";
				INFOPLIST_FILE = "Muni Bar/Muni Bar-Info.plist";
				PRODUCT_NAME = "$(TARGET_NAME)";
				WRAPPER_EXTENSION = app;
			};
			name = Debug;
		};
		6550231016DDD7ED00446CF4 /* Release */ = {
			isa = XCBuildConfiguration;
			buildSettings = {
				COMBINE_HIDPI_IMAGES = YES;
				GCC_PRECOMPILE_PREFIX_HEADER = YES;
				GCC_PREFIX_HEADER = "Muni Bar/Muni Bar-Prefix.pch";
				INFOPLIST_FILE = "Muni Bar/Muni Bar-Info.plist";
				PRODUCT_NAME = "$(TARGET_NAME)";
				WRAPPER_EXTENSION = app;
			};
			name = Release;
		};
/* End XCBuildConfiguration section */

/* Begin XCConfigurationList section */
		655022EC16DDD7EC00446CF4 /* Build configuration list for PBXProject "Muni Bar" */ = {
			isa = XCConfigurationList;
			buildConfigurations = (
				6550230C16DDD7ED00446CF4 /* Debug */,
				6550230D16DDD7ED00446CF4 /* Release */,
			);
			defaultConfigurationIsVisible = 0;
			defaultConfigurationName = Release;
		};
		6550230E16DDD7ED00446CF4 /* Build configuration list for PBXNativeTarget "Muni Bar" */ = {
			isa = XCConfigurationList;
			buildConfigurations = (
				6550230F16DDD7ED00446CF4 /* Debug */,
				6550231016DDD7ED00446CF4 /* Release */,
			);
			defaultConfigurationIsVisible = 0;
		};
/* End XCConfigurationList section */
	};
	rootObject = 655022E916DDD7EC00446CF4 /* Project object */;
}
